
Microsoft Visual Studio Solution File, Format Version 12.00
# Visual Studio Version 16
VisualStudioVersion = 16.0.30717.126
MinimumVisualStudioVersion = 10.0.40219.1
Project("{9A19103F-16F7-4668-BE54-9A1E7A4F7556}") = "Hotel_APIs", "Hotel_Repair\Hotel_APIs.csproj", "{7F0EF121-57C7-4DCE-A9DD-9F4BCF04443E}"
EndProject
Project("{2150E333-8FDC-42A3-9474-1A3956D46DE8}") = "NewFolder1", "NewFolder1", "{EC3E3E97-248A-4CDE-8593-8CB2A2368784}"
EndProject
Project("{FAE04EC0-301F-11D3-BF4B-00C04F79EFBC}") = "HotelIdentityServer4", "HotelIdentityServer4\HotelIdentityServer4.csproj", "{B75BF142-5B0B-414A-A0A1-1D27C8CAFCEC}"
EndProject
Project("{FAE04EC0-301F-11D3-BF4B-00C04F79EFBC}") = "Hotel_Mobile", "Hotel_Mobile\Hotel_Mobile.csproj", "{2CB93FBF-3A4D-4EDA-8EA4-0DAA9595DED3}"
EndProject
Global
	GlobalSection(SolutionConfigurationPlatforms) = preSolution
		Debug|Any CPU = Debug|Any CPU
		Release|Any CPU = Release|Any CPU
	EndGlobalSection
	GlobalSection(ProjectConfigurationPlatforms) = postSolution
		{7F0EF121-57C7-4DCE-A9DD-9F4BCF04443E}.Debug|Any CPU.ActiveCfg = Debug|Any CPU
		{7F0EF121-57C7-4DCE-A9DD-9F4BCF04443E}.Debug|Any CPU.Build.0 = Debug|Any CPU
		{7F0EF121-57C7-4DCE-A9DD-9F4BCF04443E}.Release|Any CPU.ActiveCfg = Release|Any CPU
		{7F0EF121-57C7-4DCE-A9DD-9F4BCF04443E}.Release|Any CPU.Build.0 = Release|Any CPU
		{B75BF142-5B0B-414A-A0A1-1D27C8CAFCEC}.Debug|Any CPU.ActiveCfg = Debug|Any CPU
		{B75BF142-5B0B-414A-A0A1-1D27C8CAFCEC}.Debug|Any CPU.Build.0 = Debug|Any CPU
		{B75BF142-5B0B-414A-A0A1-1D27C8CAFCEC}.Release|Any CPU.ActiveCfg = Release|Any CPU
		{B75BF142-5B0B-414A-A0A1-1D27C8CAFCEC}.Release|Any CPU.Build.0 = Release|Any CPU
		{2CB93FBF-3A4D-4EDA-8EA4-0DAA9595DED3}.Debug|Any CPU.ActiveCfg = Debug|Any CPU
		{2CB93FBF-3A4D-4EDA-8EA4-0DAA9595DED3}.Debug|Any CPU.Build.0 = Debug|Any CPU
		{2CB93FBF-3A4D-4EDA-8EA4-0DAA9595DED3}.Release|Any CPU.ActiveCfg = Release|Any CPU
		{2CB93FBF-3A4D-4EDA-8EA4-0DAA9595DED3}.Release|Any CPU.Build.0 = Release|Any CPU
	EndGlobalSection
	GlobalSection(SolutionProperties) = preSolution
		HideSolutionNode = FALSE
	EndGlobalSection
	GlobalSection(ExtensibilityGlobals) = postSolution
		SolutionGuid = {B4CC1B26-01E3-47CE-8FBC-0AB384909902}
	EndGlobalSection
EndGlobal
